
Microsoft Visual Studio Solution File, Format Version 12.00
# Visual Studio Version 17
VisualStudioVersion = 17.0.32112.339
MinimumVisualStudioVersion = 10.0.40219.1
Project("{FAE04EC0-301F-11D3-BF4B-00C04F79EFBC}") = "csv-reader", "csv-reader.csproj", "{C86A04AA-2C75-4CA2-B7F3-6731AAC1B71B}"
EndProject
Project("{FAE04EC0-301F-11D3-BF4B-00C04F79EFBC}") = "diabetes-data", "..\diabetes-data\diabetes-data.csproj", "{7A67D074-45DB-4D01-AEE2-BE765089F7A7}"
EndProject
Global
	GlobalSection(SolutionConfigurationPlatforms) = preSolution
		Debug|Any CPU = Debug|Any CPU
		Release|Any CPU = Release|Any CPU
	EndGlobalSection
	GlobalSection(ProjectConfigurationPlatforms) = postSolution
		{C86A04AA-2C75-4CA2-B7F3-6731AAC1B71B}.Debug|Any CPU.ActiveCfg = Debug|Any CPU
		{C86A04AA-2C75-4CA2-B7F3-6731AAC1B71B}.Debug|Any CPU.Build.0 = Debug|Any CPU
		{C86A04AA-2C75-4CA2-B7F3-6731AAC1B71B}.Release|Any CPU.ActiveCfg = Release|Any CPU
		{C86A04AA-2C75-4CA2-B7F3-6731AAC1B71B}.Release|Any CPU.Build.0 = Release|Any CPU
		{7A67D074-45DB-4D01-AEE2-BE765089F7A7}.Debug|Any CPU.ActiveCfg = Debug|Any CPU
		{7A67D074-45DB-4D01-AEE2-BE765089F7A7}.Debug|Any CPU.Build.0 = Debug|Any CPU
		{7A67D074-45DB-4D01-AEE2-BE765089F7A7}.Release|Any CPU.ActiveCfg = Release|Any CPU
		{7A67D074-45DB-4D01-AEE2-BE765089F7A7}.Release|Any CPU.Build.0 = Release|Any CPU
	EndGlobalSection
	GlobalSection(SolutionProperties) = preSolution
		HideSolutionNode = FALSE
	EndGlobalSection
	GlobalSection(ExtensibilityGlobals) = postSolution
		SolutionGuid = {07F91563-F85B-425D-B4DB-023972450806}
	EndGlobalSection
EndGlobal
